# This file is automatically @generated by Poetry 1.7.0 and should not be changed by hand.

[[package]]
name = "certifi"
version = "2023.7.22"
description = "Python package for providing Mozilla's CA Bundle."
optional = false
python-versions = ">=3.6"
files = [
    {file = "certifi-2023.7.22-py3-none-any.whl", hash = "sha256:92d6037539857d8206b8f6ae472e8b77db8058fec5937a1ef3f54304089edbb9"},
    {file = "certifi-2023.7.22.tar.gz", hash = "sha256:539cc1d13202e33ca466e88b2807e29f4c13049d6d87031a3c110744495cb082"},
]

[[package]]
name = "charset-normalizer"
version = "3.3.2"
description = "The Real First Universal Charset Detector. Open, modern and actively maintained alternative to Chardet."
optional = false
python-versions = ">=3.7.0"
files = [
    {file = "charset-normalizer-3.3.2.tar.gz", hash = "sha256:f30c3cb33b24454a82faecaf01b19c18562b1e89558fb6c56de4d9118a032fd5"},
    {file = "charset_normalizer-3.3.2-cp310-cp310-macosx_10_9_universal2.whl", hash = "sha256:25baf083bf6f6b341f4121c2f3c548875ee6f5339300e08be3f2b2ba1721cdd3"},
    {file = "charset_normalizer-3.3.2-cp310-cp310-macosx_10_9_x86_64.whl", hash = "sha256:06435b539f889b1f6f4ac1758871aae42dc3a8c0e24ac9e60c2384973ad73027"},
    {file = "charset_normalizer-3.3.2-cp310-cp310-macosx_11_0_arm64.whl", hash = "sha256:9063e24fdb1e498ab71cb7419e24622516c4a04476b17a2dab57e8baa30d6e03"},
    {file = "charset_normalizer-3.3.2-cp310-cp310-manylinux_2_17_aarch64.manylinux2014_aarch64.whl", hash = "sha256:6897af51655e3691ff853668779c7bad41579facacf5fd7253b0133308cf000d"},
    {file = "charset_normalizer-3.3.2-cp310-cp310-manylinux_2_17_ppc64le.manylinux2014_ppc64le.whl", hash = "sha256:1d3193f4a680c64b4b6a9115943538edb896edc190f0b222e73761716519268e"},
    {file = "charset_normalizer-3.3.2-cp310-cp310-manylinux_2_17_s390x.manylinux2014_s390x.whl", hash = "sha256:cd70574b12bb8a4d2aaa0094515df2463cb429d8536cfb6c7ce983246983e5a6"},
    {file = "charset_normalizer-3.3.2-cp310-cp310-manylinux_2_17_x86_64.manylinux2014_x86_64.whl", hash = "sha256:8465322196c8b4d7ab6d1e049e4c5cb460d0394da4a27d23cc242fbf0034b6b5"},
    {file = "charset_normalizer-3.3.2-cp310-cp310-manylinux_2_5_i686.manylinux1_i686.manylinux_2_17_i686.manylinux2014_i686.whl", hash = "sha256:a9a8e9031d613fd2009c182b69c7b2c1ef8239a0efb1df3f7c8da66d5dd3d537"},
    {file = "charset_normalizer-3.3.2-cp310-cp310-musllinux_1_1_aarch64.whl", hash = "sha256:beb58fe5cdb101e3a055192ac291b7a21e3b7ef4f67fa1d74e331a7f2124341c"},
    {file = "charset_normalizer-3.3.2-cp310-cp310-musllinux_1_1_i686.whl", hash = "sha256:e06ed3eb3218bc64786f7db41917d4e686cc4856944f53d5bdf83a6884432e12"},
    {file = "charset_normalizer-3.3.2-cp310-cp310-musllinux_1_1_ppc64le.whl", hash = "sha256:2e81c7b9c8979ce92ed306c249d46894776a909505d8f5a4ba55b14206e3222f"},
    {file = "charset_normalizer-3.3.2-cp310-cp310-musllinux_1_1_s390x.whl", hash = "sha256:572c3763a264ba47b3cf708a44ce965d98555f618ca42c926a9c1616d8f34269"},
    {file = "charset_normalizer-3.3.2-cp310-cp310-musllinux_1_1_x86_64.whl", hash = "sha256:fd1abc0d89e30cc4e02e4064dc67fcc51bd941eb395c502aac3ec19fab46b519"},
    {file = "charset_normalizer-3.3.2-cp310-cp310-win32.whl", hash = "sha256:3d47fa203a7bd9c5b6cee4736ee84ca03b8ef23193c0d1ca99b5089f72645c73"},
    {file = "charset_normalizer-3.3.2-cp310-cp310-win_amd64.whl", hash = "sha256:10955842570876604d404661fbccbc9c7e684caf432c09c715ec38fbae45ae09"},
    {file = "charset_normalizer-3.3.2-cp311-cp311-macosx_10_9_universal2.whl", hash = "sha256:802fe99cca7457642125a8a88a084cef28ff0cf9407060f7b93dca5aa25480db"},
    {file = "charset_normalizer-3.3.2-cp311-cp311-macosx_10_9_x86_64.whl", hash = "sha256:573f6eac48f4769d667c4442081b1794f52919e7edada77495aaed9236d13a96"},
    {file = "charset_normalizer-3.3.2-cp311-cp311-macosx_11_0_arm64.whl", hash = "sha256:549a3a73da901d5bc3ce8d24e0600d1fa85524c10287f6004fbab87672bf3e1e"},
    {file = "charset_normalizer-3.3.2-cp311-cp311-manylinux_2_17_aarch64.manylinux2014_aarch64.whl", hash = "sha256:f27273b60488abe721a075bcca6d7f3964f9f6f067c8c4c605743023d7d3944f"},
    {file = "charset_normalizer-3.3.2-cp311-cp311-manylinux_2_17_ppc64le.manylinux2014_ppc64le.whl", hash = "sha256:1ceae2f17a9c33cb48e3263960dc5fc8005351ee19db217e9b1bb15d28c02574"},
    {file = "charset_normalizer-3.3.2-cp311-cp311-manylinux_2_17_s390x.manylinux2014_s390x.whl", hash = "sha256:65f6f63034100ead094b8744b3b97965785388f308a64cf8d7c34f2f2e5be0c4"},
    {file = "charset_normalizer-3.3.2-cp311-cp311-manylinux_2_17_x86_64.manylinux2014_x86_64.whl", hash = "sha256:753f10e867343b4511128c6ed8c82f7bec3bd026875576dfd88483c5c73b2fd8"},
    {file = "charset_normalizer-3.3.2-cp311-cp311-manylinux_2_5_i686.manylinux1_i686.manylinux_2_17_i686.manylinux2014_i686.whl", hash = "sha256:4a78b2b446bd7c934f5dcedc588903fb2f5eec172f3d29e52a9096a43722adfc"},
    {file = "charset_normalizer-3.3.2-cp311-cp311-musllinux_1_1_aarch64.whl", hash = "sha256:e537484df0d8f426ce2afb2d0f8e1c3d0b114b83f8850e5f2fbea0e797bd82ae"},
    {file = "charset_normalizer-3.3.2-cp311-cp311-musllinux_1_1_i686.whl", hash = "sha256:eb6904c354526e758fda7167b33005998fb68c46fbc10e013ca97f21ca5c8887"},
    {file = "charset_normalizer-3.3.2-cp311-cp311-musllinux_1_1_ppc64le.whl", hash = "sha256:deb6be0ac38ece9ba87dea880e438f25ca3eddfac8b002a2ec3d9183a454e8ae"},
    {file = "charset_normalizer-3.3.2-cp311-cp311-musllinux_1_1_s390x.whl", hash = "sha256:4ab2fe47fae9e0f9dee8c04187ce5d09f48eabe611be8259444906793ab7cbce"},
    {file = "charset_normalizer-3.3.2-cp311-cp311-musllinux_1_1_x86_64.whl", hash = "sha256:80402cd6ee291dcb72644d6eac93785fe2c8b9cb30893c1af5b8fdd753b9d40f"},
    {file = "charset_normalizer-3.3.2-cp311-cp311-win32.whl", hash = "sha256:7cd13a2e3ddeed6913a65e66e94b51d80a041145a026c27e6bb76c31a853c6ab"},
    {file = "charset_normalizer-3.3.2-cp311-cp311-win_amd64.whl", hash = "sha256:663946639d296df6a2bb2aa51b60a2454ca1cb29835324c640dafb5ff2131a77"},
    {file = "charset_normalizer-3.3.2-cp312-cp312-macosx_10_9_universal2.whl", hash = "sha256:0b2b64d2bb6d3fb9112bafa732def486049e63de9618b5843bcdd081d8144cd8"},
    {file = "charset_normalizer-3.3.2-cp312-cp312-macosx_10_9_x86_64.whl", hash = "sha256:ddbb2551d7e0102e7252db79ba445cdab71b26640817ab1e3e3648dad515003b"},
    {file = "charset_normalizer-3.3.2-cp312-cp312-macosx_11_0_arm64.whl", hash = "sha256:55086ee1064215781fff39a1af09518bc9255b50d6333f2e4c74ca09fac6a8f6"},
    {file = "charset_normalizer-3.3.2-cp312-cp312-manylinux_2_17_aarch64.manylinux2014_aarch64.whl", hash = "sha256:8f4a014bc36d3c57402e2977dada34f9c12300af536839dc38c0beab8878f38a"},
    {file = "charset_normalizer-3.3.2-cp312-cp312-manylinux_2_17_ppc64le.manylinux2014_ppc64le.whl", hash = "sha256:a10af20b82360ab00827f916a6058451b723b4e65030c5a18577c8b2de5b3389"},
    {file = "charset_normalizer-3.3.2-cp312-cp312-manylinux_2_17_s390x.manylinux2014_s390x.whl", hash = "sha256:8d756e44e94489e49571086ef83b2bb8ce311e730092d2c34ca8f7d925cb20aa"},
    {file = "charset_normalizer-3.3.2-cp312-cp312-manylinux_2_17_x86_64.manylinux2014_x86_64.whl", hash = "sha256:90d558489962fd4918143277a773316e56c72da56ec7aa3dc3dbbe20fdfed15b"},
    {file = "charset_normalizer-3.3.2-cp312-cp312-manylinux_2_5_i686.manylinux1_i686.manylinux_2_17_i686.manylinux2014_i686.whl", hash = "sha256:6ac7ffc7ad6d040517be39eb591cac5ff87416c2537df6ba3cba3bae290c0fed"},
    {file = "charset_normalizer-3.3.2-cp312-cp312-musllinux_1_1_aarch64.whl", hash = "sha256:7ed9e526742851e8d5cc9e6cf41427dfc6068d4f5a3bb03659444b4cabf6bc26"},
    {file = "charset_normalizer-3.3.2-cp312-cp312-musllinux_1_1_i686.whl", hash = "sha256:8bdb58ff7ba23002a4c5808d608e4e6c687175724f54a5dade5fa8c67b604e4d"},
    {file = "charset_normalizer-3.3.2-cp312-cp312-musllinux_1_1_ppc64le.whl", hash = "sha256:6b3251890fff30ee142c44144871185dbe13b11bab478a88887a639655be1068"},
    {file = "charset_normalizer-3.3.2-cp312-cp312-musllinux_1_1_s390x.whl", hash = "sha256:b4a23f61ce87adf89be746c8a8974fe1c823c891d8f86eb218bb957c924bb143"},
    {file = "charset_normalizer-3.3.2-cp312-cp312-musllinux_1_1_x86_64.whl", hash = "sha256:efcb3f6676480691518c177e3b465bcddf57cea040302f9f4e6e191af91174d4"},
    {file = "charset_normalizer-3.3.2-cp312-cp312-win32.whl", hash = "sha256:d965bba47ddeec8cd560687584e88cf699fd28f192ceb452d1d7ee807c5597b7"},
    {file = "charset_normalizer-3.3.2-cp312-cp312-win_amd64.whl", hash = "sha256:96b02a3dc4381e5494fad39be677abcb5e6634bf7b4fa83a6dd3112607547001"},
    {file = "charset_normalizer-3.3.2-cp37-cp37m-macosx_10_9_x86_64.whl", hash = "sha256:95f2a5796329323b8f0512e09dbb7a1860c46a39da62ecb2324f116fa8fdc85c"},
    {file = "charset_normalizer-3.3.2-cp37-cp37m-manylinux_2_17_aarch64.manylinux2014_aarch64.whl", hash = "sha256:c002b4ffc0be611f0d9da932eb0f704fe2602a9a949d1f738e4c34c75b0863d5"},
    {file = "charset_normalizer-3.3.2-cp37-cp37m-manylinux_2_17_ppc64le.manylinux2014_ppc64le.whl", hash = "sha256:a981a536974bbc7a512cf44ed14938cf01030a99e9b3a06dd59578882f06f985"},
    {file = "charset_normalizer-3.3.2-cp37-cp37m-manylinux_2_17_s390x.manylinux2014_s390x.whl", hash = "sha256:3287761bc4ee9e33561a7e058c72ac0938c4f57fe49a09eae428fd88aafe7bb6"},
    {file = "charset_normalizer-3.3.2-cp37-cp37m-manylinux_2_17_x86_64.manylinux2014_x86_64.whl", hash = "sha256:42cb296636fcc8b0644486d15c12376cb9fa75443e00fb25de0b8602e64c1714"},
    {file = "charset_normalizer-3.3.2-cp37-cp37m-manylinux_2_5_i686.manylinux1_i686.manylinux_2_17_i686.manylinux2014_i686.whl", hash = "sha256:0a55554a2fa0d408816b3b5cedf0045f4b8e1a6065aec45849de2d6f3f8e9786"},
    {file = "charset_normalizer-3.3.2-cp37-cp37m-musllinux_1_1_aarch64.whl", hash = "sha256:c083af607d2515612056a31f0a8d9e0fcb5876b7bfc0abad3ecd275bc4ebc2d5"},
    {file = "charset_normalizer-3.3.2-cp37-cp37m-musllinux_1_1_i686.whl", hash = "sha256:87d1351268731db79e0f8e745d92493ee2841c974128ef629dc518b937d9194c"},
    {file = "charset_normalizer-3.3.2-cp37-cp37m-musllinux_1_1_ppc64le.whl", hash = "sha256:bd8f7df7d12c2db9fab40bdd87a7c09b1530128315d047a086fa3ae3435cb3a8"},
    {file = "charset_normalizer-3.3.2-cp37-cp37m-musllinux_1_1_s390x.whl", hash = "sha256:c180f51afb394e165eafe4ac2936a14bee3eb10debc9d9e4db8958fe36afe711"},
    {file = "charset_normalizer-3.3.2-cp37-cp37m-musllinux_1_1_x86_64.whl", hash = "sha256:8c622a5fe39a48f78944a87d4fb8a53ee07344641b0562c540d840748571b811"},
    {file = "charset_normalizer-3.3.2-cp37-cp37m-win32.whl", hash = "sha256:db364eca23f876da6f9e16c9da0df51aa4f104a972735574842618b8c6d999d4"},
    {file = "charset_normalizer-3.3.2-cp37-cp37m-win_amd64.whl", hash = "sha256:86216b5cee4b06df986d214f664305142d9c76df9b6512be2738aa72a2048f99"},
    {file = "charset_normalizer-3.3.2-cp38-cp38-macosx_10_9_universal2.whl", hash = "sha256:6463effa3186ea09411d50efc7d85360b38d5f09b870c48e4600f63af490e56a"},
    {file = "charset_normalizer-3.3.2-cp38-cp38-macosx_10_9_x86_64.whl", hash = "sha256:6c4caeef8fa63d06bd437cd4bdcf3ffefe6738fb1b25951440d80dc7df8c03ac"},
    {file = "charset_normalizer-3.3.2-cp38-cp38-macosx_11_0_arm64.whl", hash = "sha256:37e55c8e51c236f95b033f6fb391d7d7970ba5fe7ff453dad675e88cf303377a"},
    {file = "charset_normalizer-3.3.2-cp38-cp38-manylinux_2_17_aarch64.manylinux2014_aarch64.whl", hash = "sha256:fb69256e180cb6c8a894fee62b3afebae785babc1ee98b81cdf68bbca1987f33"},
    {file = "charset_normalizer-3.3.2-cp38-cp38-manylinux_2_17_ppc64le.manylinux2014_ppc64le.whl", hash = "sha256:ae5f4161f18c61806f411a13b0310bea87f987c7d2ecdbdaad0e94eb2e404238"},
    {file = "charset_normalizer-3.3.2-cp38-cp38-manylinux_2_17_s390x.manylinux2014_s390x.whl", hash = "sha256:b2b0a0c0517616b6869869f8c581d4eb2dd83a4d79e0ebcb7d373ef9956aeb0a"},
    {file = "charset_normalizer-3.3.2-cp38-cp38-manylinux_2_17_x86_64.manylinux2014_x86_64.whl", hash = "sha256:45485e01ff4d3630ec0d9617310448a8702f70e9c01906b0d0118bdf9d124cf2"},
    {file = "charset_normalizer-3.3.2-cp38-cp38-manylinux_2_5_i686.manylinux1_i686.manylinux_2_17_i686.manylinux2014_i686.whl", hash = "sha256:eb00ed941194665c332bf8e078baf037d6c35d7c4f3102ea2d4f16ca94a26dc8"},
    {file = "charset_normalizer-3.3.2-cp38-cp38-musllinux_1_1_aarch64.whl", hash = "sha256:2127566c664442652f024c837091890cb1942c30937add288223dc895793f898"},
    {file = "charset_normalizer-3.3.2-cp38-cp38-musllinux_1_1_i686.whl", hash = "sha256:a50aebfa173e157099939b17f18600f72f84eed3049e743b68ad15bd69b6bf99"},
    {file = "charset_normalizer-3.3.2-cp38-cp38-musllinux_1_1_ppc64le.whl", hash = "sha256:4d0d1650369165a14e14e1e47b372cfcb31d6ab44e6e33cb2d4e57265290044d"},
    {file = "charset_normalizer-3.3.2-cp38-cp38-musllinux_1_1_s390x.whl", hash = "sha256:923c0c831b7cfcb071580d3f46c4baf50f174be571576556269530f4bbd79d04"},
    {file = "charset_normalizer-3.3.2-cp38-cp38-musllinux_1_1_x86_64.whl", hash = "sha256:06a81e93cd441c56a9b65d8e1d043daeb97a3d0856d177d5c90ba85acb3db087"},
    {file = "charset_normalizer-3.3.2-cp38-cp38-win32.whl", hash = "sha256:6ef1d82a3af9d3eecdba2321dc1b3c238245d890843e040e41e470ffa64c3e25"},
    {file = "charset_normalizer-3.3.2-cp38-cp38-win_amd64.whl", hash = "sha256:eb8821e09e916165e160797a6c17edda0679379a4be5c716c260e836e122f54b"},
    {file = "charset_normalizer-3.3.2-cp39-cp39-macosx_10_9_universal2.whl", hash = "sha256:c235ebd9baae02f1b77bcea61bce332cb4331dc3617d254df3323aa01ab47bd4"},
    {file = "charset_normalizer-3.3.2-cp39-cp39-macosx_10_9_x86_64.whl", hash = "sha256:5b4c145409bef602a690e7cfad0a15a55c13320ff7a3ad7ca59c13bb8ba4d45d"},
    {file = "charset_normalizer-3.3.2-cp39-cp39-macosx_11_0_arm64.whl", hash = "sha256:68d1f8a9e9e37c1223b656399be5d6b448dea850bed7d0f87a8311f1ff3dabb0"},
    {file = "charset_normalizer-3.3.2-cp39-cp39-manylinux_2_17_aarch64.manylinux2014_aarch64.whl", hash = "sha256:22afcb9f253dac0696b5a4be4a1c0f8762f8239e21b99680099abd9b2b1b2269"},
    {file = "charset_normalizer-3.3.2-cp39-cp39-manylinux_2_17_ppc64le.manylinux2014_ppc64le.whl", hash = "sha256:e27ad930a842b4c5eb8ac0016b0a54f5aebbe679340c26101df33424142c143c"},
    {file = "charset_normalizer-3.3.2-cp39-cp39-manylinux_2_17_s390x.manylinux2014_s390x.whl", hash = "sha256:1f79682fbe303db92bc2b1136016a38a42e835d932bab5b3b1bfcfbf0640e519"},
    {file = "charset_normalizer-3.3.2-cp39-cp39-manylinux_2_17_x86_64.manylinux2014_x86_64.whl", hash = "sha256:b261ccdec7821281dade748d088bb6e9b69e6d15b30652b74cbbac25e280b796"},
    {file = "charset_normalizer-3.3.2-cp39-cp39-manylinux_2_5_i686.manylinux1_i686.manylinux_2_17_i686.manylinux2014_i686.whl", hash = "sha256:122c7fa62b130ed55f8f285bfd56d5f4b4a5b503609d181f9ad85e55c89f4185"},
    {file = "charset_normalizer-3.3.2-cp39-cp39-musllinux_1_1_aarch64.whl", hash = "sha256:d0eccceffcb53201b5bfebb52600a5fb483a20b61da9dbc885f8b103cbe7598c"},
    {file = "charset_normalizer-3.3.2-cp39-cp39-musllinux_1_1_i686.whl", hash = "sha256:9f96df6923e21816da7e0ad3fd47dd8f94b2a5ce594e00677c0013018b813458"},
    {file = "charset_normalizer-3.3.2-cp39-cp39-musllinux_1_1_ppc64le.whl", hash = "sha256:7f04c839ed0b6b98b1a7501a002144b76c18fb1c1850c8b98d458ac269e26ed2"},
    {file = "charset_normalizer-3.3.2-cp39-cp39-musllinux_1_1_s390x.whl", hash = "sha256:34d1c8da1e78d2e001f363791c98a272bb734000fcef47a491c1e3b0505657a8"},
    {file = "charset_normalizer-3.3.2-cp39-cp39-musllinux_1_1_x86_64.whl", hash = "sha256:ff8fa367d09b717b2a17a052544193ad76cd49979c805768879cb63d9ca50561"},
    {file = "charset_normalizer-3.3.2-cp39-cp39-win32.whl", hash = "sha256:aed38f6e4fb3f5d6bf81bfa990a07806be9d83cf7bacef998ab1a9bd660a581f"},
    {file = "charset_normalizer-3.3.2-cp39-cp39-win_amd64.whl", hash = "sha256:b01b88d45a6fcb69667cd6d2f7a9aeb4bf53760d7fc536bf679ec94fe9f3ff3d"},
    {file = "charset_normalizer-3.3.2-py3-none-any.whl", hash = "sha256:3e4d1f6587322d2788836a99c69062fbb091331ec940e02d12d179c1d53e25fc"},
]

[[package]]
name = "colorama"
version = "0.4.6"
description = "Cross-platform colored terminal text."
optional = false
python-versions = "!=3.0.*,!=3.1.*,!=3.2.*,!=3.3.*,!=3.4.*,!=3.5.*,!=3.6.*,>=2.7"
files = [
    {file = "colorama-0.4.6-py2.py3-none-any.whl", hash = "sha256:4f1d9991f5acc0ca119f9d443620b77f9d6b33703e51011c16baf57afb285fc6"},
    {file = "colorama-0.4.6.tar.gz", hash = "sha256:08695f5cb7ed6e0531a20572697297273c47b8cae5a63ffc6d6ed5c201be6e44"},
]

[[package]]
name = "idna"
version = "3.4"
description = "Internationalized Domain Names in Applications (IDNA)"
optional = false
python-versions = ">=3.5"
files = [
    {file = "idna-3.4-py3-none-any.whl", hash = "sha256:90b77e79eaa3eba6de819a0c442c0b4ceefc341a7a2ab77d7562bf49f425c5c2"},
    {file = "idna-3.4.tar.gz", hash = "sha256:814f528e8dead7d329833b91c5faa87d60bf71824cd12a7530b5526063d02cb4"},
]

[[package]]
name = "networkx"
version = "3.1"
description = "Python package for creating and manipulating graphs and networks"
optional = false
python-versions = ">=3.8"
files = [
    {file = "networkx-3.1-py3-none-any.whl", hash = "sha256:4f33f68cb2afcf86f28a45f43efc27a9386b535d567d2127f8f61d51dec58d36"},
    {file = "networkx-3.1.tar.gz", hash = "sha256:de346335408f84de0eada6ff9fafafff9bcda11f0a0dfaa931133debb146ab61"},
]

[package.extras]
default = ["matplotlib (>=3.4)", "numpy (>=1.20)", "pandas (>=1.3)", "scipy (>=1.8)"]
developer = ["mypy (>=1.1)", "pre-commit (>=3.2)"]
doc = ["nb2plots (>=0.6)", "numpydoc (>=1.5)", "pillow (>=9.4)", "pydata-sphinx-theme (>=0.13)", "sphinx (>=6.1)", "sphinx-gallery (>=0.12)", "texext (>=0.6.7)"]
extra = ["lxml (>=4.6)", "pydot (>=1.4.2)", "pygraphviz (>=1.10)", "sympy (>=1.10)"]
test = ["codecov (>=2.1)", "pytest (>=7.2)", "pytest-cov (>=4.0)"]

[[package]]
name = "numpy"
version = "1.24.4"
description = "Fundamental package for array computing in Python"
optional = false
python-versions = ">=3.8"
files = [
    {file = "numpy-1.24.4-cp310-cp310-macosx_10_9_x86_64.whl", hash = "sha256:c0bfb52d2169d58c1cdb8cc1f16989101639b34c7d3ce60ed70b19c63eba0b64"},
    {file = "numpy-1.24.4-cp310-cp310-macosx_11_0_arm64.whl", hash = "sha256:ed094d4f0c177b1b8e7aa9cba7d6ceed51c0e569a5318ac0ca9a090680a6a1b1"},
    {file = "numpy-1.24.4-cp310-cp310-manylinux_2_17_aarch64.manylinux2014_aarch64.whl", hash = "sha256:79fc682a374c4a8ed08b331bef9c5f582585d1048fa6d80bc6c35bc384eee9b4"},
    {file = "numpy-1.24.4-cp310-cp310-manylinux_2_17_x86_64.manylinux2014_x86_64.whl", hash = "sha256:7ffe43c74893dbf38c2b0a1f5428760a1a9c98285553c89e12d70a96a7f3a4d6"},
    {file = "numpy-1.24.4-cp310-cp310-win32.whl", hash = "sha256:4c21decb6ea94057331e111a5bed9a79d335658c27ce2adb580fb4d54f2ad9bc"},
    {file = "numpy-1.24.4-cp310-cp310-win_amd64.whl", hash = "sha256:b4bea75e47d9586d31e892a7401f76e909712a0fd510f58f5337bea9572c571e"},
    {file = "numpy-1.24.4-cp311-cp311-macosx_10_9_x86_64.whl", hash = "sha256:f136bab9c2cfd8da131132c2cf6cc27331dd6fae65f95f69dcd4ae3c3639c810"},
    {file = "numpy-1.24.4-cp311-cp311-macosx_11_0_arm64.whl", hash = "sha256:e2926dac25b313635e4d6cf4dc4e51c8c0ebfed60b801c799ffc4c32bf3d1254"},
    {file = "numpy-1.24.4-cp311-cp311-manylinux_2_17_aarch64.manylinux2014_aarch64.whl", hash = "sha256:222e40d0e2548690405b0b3c7b21d1169117391c2e82c378467ef9ab4c8f0da7"},
    {file = "numpy-1.24.4-cp311-cp311-manylinux_2_17_x86_64.manylinux2014_x86_64.whl", hash = "sha256:7215847ce88a85ce39baf9e89070cb860c98fdddacbaa6c0da3ffb31b3350bd5"},
    {file = "numpy-1.24.4-cp311-cp311-win32.whl", hash = "sha256:4979217d7de511a8d57f4b4b5b2b965f707768440c17cb70fbf254c4b225238d"},
    {file = "numpy-1.24.4-cp311-cp311-win_amd64.whl", hash = "sha256:b7b1fc9864d7d39e28f41d089bfd6353cb5f27ecd9905348c24187a768c79694"},
    {file = "numpy-1.24.4-cp38-cp38-macosx_10_9_x86_64.whl", hash = "sha256:1452241c290f3e2a312c137a9999cdbf63f78864d63c79039bda65ee86943f61"},
    {file = "numpy-1.24.4-cp38-cp38-macosx_11_0_arm64.whl", hash = "sha256:04640dab83f7c6c85abf9cd729c5b65f1ebd0ccf9de90b270cd61935eef0197f"},
    {file = "numpy-1.24.4-cp38-cp38-manylinux_2_17_aarch64.manylinux2014_aarch64.whl", hash = "sha256:a5425b114831d1e77e4b5d812b69d11d962e104095a5b9c3b641a218abcc050e"},
    {file = "numpy-1.24.4-cp38-cp38-manylinux_2_17_x86_64.manylinux2014_x86_64.whl", hash = "sha256:dd80e219fd4c71fc3699fc1dadac5dcf4fd882bfc6f7ec53d30fa197b8ee22dc"},
    {file = "numpy-1.24.4-cp38-cp38-win32.whl", hash = "sha256:4602244f345453db537be5314d3983dbf5834a9701b7723ec28923e2889e0bb2"},
    {file = "numpy-1.24.4-cp38-cp38-win_amd64.whl", hash = "sha256:692f2e0f55794943c5bfff12b3f56f99af76f902fc47487bdfe97856de51a706"},
    {file = "numpy-1.24.4-cp39-cp39-macosx_10_9_x86_64.whl", hash = "sha256:2541312fbf09977f3b3ad449c4e5f4bb55d0dbf79226d7724211acc905049400"},
    {file = "numpy-1.24.4-cp39-cp39-macosx_11_0_arm64.whl", hash = "sha256:9667575fb6d13c95f1b36aca12c5ee3356bf001b714fc354eb5465ce1609e62f"},
    {file = "numpy-1.24.4-cp39-cp39-manylinux_2_17_aarch64.manylinux2014_aarch64.whl", hash = "sha256:f3a86ed21e4f87050382c7bc96571755193c4c1392490744ac73d660e8f564a9"},
    {file = "numpy-1.24.4-cp39-cp39-manylinux_2_17_x86_64.manylinux2014_x86_64.whl", hash = "sha256:d11efb4dbecbdf22508d55e48d9c8384db795e1b7b51ea735289ff96613ff74d"},
    {file = "numpy-1.24.4-cp39-cp39-win32.whl", hash = "sha256:6620c0acd41dbcb368610bb2f4d83145674040025e5536954782467100aa8835"},
    {file = "numpy-1.24.4-cp39-cp39-win_amd64.whl", hash = "sha256:befe2bf740fd8373cf56149a5c23a0f601e82869598d41f8e188a0e9869926f8"},
    {file = "numpy-1.24.4-pp38-pypy38_pp73-macosx_10_9_x86_64.whl", hash = "sha256:31f13e25b4e304632a4619d0e0777662c2ffea99fcae2029556b17d8ff958aef"},
    {file = "numpy-1.24.4-pp38-pypy38_pp73-manylinux_2_17_x86_64.manylinux2014_x86_64.whl", hash = "sha256:95f7ac6540e95bc440ad77f56e520da5bf877f87dca58bd095288dce8940532a"},
    {file = "numpy-1.24.4-pp38-pypy38_pp73-win_amd64.whl", hash = "sha256:e98f220aa76ca2a977fe435f5b04d7b3470c0a2e6312907b37ba6068f26787f2"},
    {file = "numpy-1.24.4.tar.gz", hash = "sha256:80f5e3a4e498641401868df4208b74581206afbee7cf7b8329daae82676d9463"},
]

[[package]]
name = "platformdirs"
version = "4.0.0"
description = "A small Python package for determining appropriate platform-specific dirs, e.g. a \"user data dir\"."
optional = false
python-versions = ">=3.7"
files = [
    {file = "platformdirs-4.0.0-py3-none-any.whl", hash = "sha256:118c954d7e949b35437270383a3f2531e99dd93cf7ce4dc8340d3356d30f173b"},
    {file = "platformdirs-4.0.0.tar.gz", hash = "sha256:cb633b2bcf10c51af60beb0ab06d2f1d69064b43abf4c185ca6b28865f3f9731"},
]

[package.extras]
docs = ["furo (>=2023.7.26)", "proselint (>=0.13)", "sphinx (>=7.1.1)", "sphinx-autodoc-typehints (>=1.24)"]
test = ["appdirs (==1.4.4)", "covdefaults (>=2.3)", "pytest (>=7.4)", "pytest-cov (>=4.1)", "pytest-mock (>=3.11.1)"]

[[package]]
name = "pyobjc-core"
version = "10.0"
description = "Python<->ObjC Interoperability Module"
optional = false
python-versions = ">=3.8"
files = [
    {file = "pyobjc-core-10.0.tar.gz", hash = "sha256:3dd0a7b3acd7e0b8ffd3f5331b29a3aaebe79a03323e61efeece38627a6020b3"},
    {file = "pyobjc_core-10.0-cp310-cp310-macosx_10_9_universal2.whl", hash = "sha256:61ea5112a672d21b5b0ed945778707c655b17c400672aef144705674c4b95499"},
    {file = "pyobjc_core-10.0-cp311-cp311-macosx_10_9_universal2.whl", hash = "sha256:99b72cda4593e0c66037b25a178f2bcc6efffb6d5d9dcd477ecca859a1f9ae8e"},
    {file = "pyobjc_core-10.0-cp312-cp312-macosx_10_9_universal2.whl", hash = "sha256:2843ca32e86a01ccee67d7ad82a325ddd72d754929d1f2c0d96bc8741dc9af09"},
    {file = "pyobjc_core-10.0-cp38-cp38-macosx_10_9_x86_64.whl", hash = "sha256:a886b9d2a93210cab4ae72601ab005ca6f627fa2f0cc62c43c03ef1405067a11"},
    {file = "pyobjc_core-10.0-cp38-cp38-macosx_11_0_universal2.whl", hash = "sha256:166666b5c380a49e8aa1ad1dda978c581e29a00703d82203216f3c65a3f397a4"},
    {file = "pyobjc_core-10.0-cp39-cp39-macosx_10_9_universal2.whl", hash = "sha256:198a0360f64e4c0148eed07b42d1de0545f56c498c356d1d5524422bb3352907"},
]

[[package]]
name = "pyobjc-framework-cocoa"
version = "10.0"
description = "Wrappers for the Cocoa frameworks on macOS"
optional = false
python-versions = ">=3.8"
files = [
    {file = "pyobjc-framework-Cocoa-10.0.tar.gz", hash = "sha256:723421eff4f59e4ca9a9bb8ec6dafbc0f778141236fa85a49fdd86732d58a74c"},
    {file = "pyobjc_framework_Cocoa-10.0-cp310-cp310-macosx_10_9_universal2.whl", hash = "sha256:80c22a8fc7f085746d9cd222adeca8fe6790e3e6ad7eed5fc70b32aa87c10adb"},
    {file = "pyobjc_framework_Cocoa-10.0-cp311-cp311-macosx_10_9_universal2.whl", hash = "sha256:0187cba228976a45f41116c74aab079b64bacb3ffc3c886a4bd8e472bf9be581"},
    {file = "pyobjc_framework_Cocoa-10.0-cp312-cp312-macosx_10_9_universal2.whl", hash = "sha256:a81dabdc40268591e3196087388e680c6570fed1b521df9b04733cb3ece0414e"},
    {file = "pyobjc_framework_Cocoa-10.0-cp38-cp38-macosx_10_9_x86_64.whl", hash = "sha256:0a23db9ab99e338e1d8a268d873cc15408f78cec9946308393ca2241820c18b8"},
    {file = "pyobjc_framework_Cocoa-10.0-cp38-cp38-macosx_11_0_universal2.whl", hash = "sha256:a3c66fe56a5156a818fbf056c589f8140a5fdb1dcb1f1075cb34d3755474d900"},
    {file = "pyobjc_framework_Cocoa-10.0-cp39-cp39-macosx_10_9_universal2.whl", hash = "sha256:bf9020e85ead569021b15272dcd90207aab6c754093f520b11d4210a2efbdd06"},
]

[package.dependencies]
pyobjc-core = ">=10.0"

[[package]]
name = "pyobjc-framework-libdispatch"
version = "10.0"
description = "Wrappers for libdispatch on macOS"
optional = false
python-versions = ">=3.8"
files = [
    {file = "pyobjc-framework-libdispatch-10.0.tar.gz", hash = "sha256:228adf364c895d2a0e8b08bd06f7a23cfbd8e82e9ea6cfdba73bdee0651a4e1f"},
    {file = "pyobjc_framework_libdispatch-10.0-cp310-cp310-macosx_10_9_universal2.whl", hash = "sha256:67fe10a671117fe7e8c35b7eaf8914084fbd0c64f3d635a1147782e3408dbc40"},
    {file = "pyobjc_framework_libdispatch-10.0-cp311-cp311-macosx_10_9_universal2.whl", hash = "sha256:386d53ffd2389c2494a806e3bad2d709ef5d597d1500cb643a817464c20ab8f8"},
    {file = "pyobjc_framework_libdispatch-10.0-cp312-cp312-macosx_10_9_universal2.whl", hash = "sha256:d2fbd247ebac8fa57bb0d7a2c4e769118c995bfd81bfc7f189a8ebe297399776"},
    {file = "pyobjc_framework_libdispatch-10.0-cp38-cp38-macosx_10_9_x86_64.whl", hash = "sha256:66dc959837b898bdb83a85ed34c2c368d0d38aaed9883c3769d4d1ca1aad23d7"},
    {file = "pyobjc_framework_libdispatch-10.0-cp38-cp38-macosx_11_0_universal2.whl", hash = "sha256:c4a1e13172617916b894246b03579814f4e8151f2600403f4a799e4d4c7a032e"},
    {file = "pyobjc_framework_libdispatch-10.0-cp39-cp39-macosx_10_9_universal2.whl", hash = "sha256:a55a33fc71e385ff7a8c9f1d29276f44dc0f7ff5b0597d2fd769620438058152"},
]

[package.dependencies]
pyobjc-core = ">=10.0"

[[package]]
name = "pyobjc-framework-metal"
version = "10.0"
description = "Wrappers for the framework Metal on macOS"
optional = false
python-versions = ">=3.8"
files = [
    {file = "pyobjc-framework-Metal-10.0.tar.gz", hash = "sha256:2e50b1fc34b11654a0ecb0d6ea98f691dc5794c53e18cb70f71d6460f68dbbf3"},
    {file = "pyobjc_framework_Metal-10.0-cp36-abi3-macosx_10_9_universal2.whl", hash = "sha256:0336f14c65a7e064d283b785487522c52f894d23348b1cc49114a919bb0db32c"},
    {file = "pyobjc_framework_Metal-10.0-cp36-abi3-macosx_10_9_x86_64.whl", hash = "sha256:9eade923110db0db7a57c11761c8bac0c780fb786493ca7f504261c749184dfc"},
    {file = "pyobjc_framework_Metal-10.0-cp36-abi3-macosx_11_0_universal2.whl", hash = "sha256:33c35ee2bd8062786c103149949713eb6d7d90618d69a2acb9c0b732824cad70"},
]

[package.dependencies]
pyobjc-core = ">=10.0"
pyobjc-framework-Cocoa = ">=10.0"

[[package]]
name = "pyopencl"
version = "2023.1.4"
description = "Python wrapper for OpenCL"
optional = false
python-versions = "~=3.8"
files = [
    {file = "pyopencl-2023.1.4-cp310-cp310-macosx_10_9_x86_64.whl", hash = "sha256:ce71196cee0171a923d9ef6a8c21ce26fd7342ddaee88a29aa372ae3295f5257"},
    {file = "pyopencl-2023.1.4-cp310-cp310-macosx_11_0_arm64.whl", hash = "sha256:7bdf472b8e36f81145ac526d51f550ba539b765199da9da16732a222c7b85bee"},
    {file = "pyopencl-2023.1.4-cp310-cp310-manylinux_2_17_i686.manylinux2014_i686.whl", hash = "sha256:18e99bb71267ce5223814177ff8c73e98057a70d20fc6555050d77d98b01bba5"},
    {file = "pyopencl-2023.1.4-cp310-cp310-manylinux_2_17_x86_64.manylinux2014_x86_64.whl", hash = "sha256:11d8cbe0d2121babf7daf0bcd6ded687c191c6d2effbac85c5421659fbc26947"},
    {file = "pyopencl-2023.1.4-cp310-cp310-musllinux_1_1_i686.whl", hash = "sha256:08ebc3d5776ec2a8853c11234d605754bdf0d5af8322a08d558d661eb85c6fa3"},
    {file = "pyopencl-2023.1.4-cp310-cp310-musllinux_1_1_x86_64.whl", hash = "sha256:f199eff64be353f5badac62576d14cb40cc137c9f92f5260452de097dd9fe7a0"},
    {file = "pyopencl-2023.1.4-cp310-cp310-win_amd64.whl", hash = "sha256:38a0a3c8389f44b51c0a916dc8e532d77ea37ab5a11f10e1ba97cc8f9a634695"},
    {file = "pyopencl-2023.1.4-cp311-cp311-macosx_10_9_x86_64.whl", hash = "sha256:46a1158956a59e73a57e98acc681ff01a64574d0b3715634703437aa8b7c785c"},
    {file = "pyopencl-2023.1.4-cp311-cp311-macosx_11_0_arm64.whl", hash = "sha256:55f09e9d12a036830d71f60af9233ff493c83ff2f99b472baa1f779688c816b7"},
    {file = "pyopencl-2023.1.4-cp311-cp311-manylinux_2_17_i686.manylinux2014_i686.whl", hash = "sha256:742fdb18bcc933f20b795c787fe513c69b83f074626bc62ff3c9cd1c8b243022"},
    {file = "pyopencl-2023.1.4-cp311-cp311-manylinux_2_17_x86_64.manylinux2014_x86_64.whl", hash = "sha256:c4102eb3f5b9fe4b08c7900820a908cec3004e9a6990cc7202162ae46e07869d"},
    {file = "pyopencl-2023.1.4-cp311-cp311-musllinux_1_1_i686.whl", hash = "sha256:36d79cd6445a86b4db7399488c301b49bda5fde6c1455c36b1ce58e03c690916"},
    {file = "pyopencl-2023.1.4-cp311-cp311-musllinux_1_1_x86_64.whl", hash = "sha256:4a561e42ee3030b2966e7dc5cc764e705d9ff1bb5aa1124fa7d6ba4009ebfb96"},
    {file = "pyopencl-2023.1.4-cp311-cp311-win_amd64.whl", hash = "sha256:0f7889dce94dba10738225fabec929fa977bfe8777a64f5699f6f2fe2b00742c"},
    {file = "pyopencl-2023.1.4-cp312-cp312-macosx_10_9_x86_64.whl", hash = "sha256:ab31b35875cecd2b1c10ac47ea06e224c5881cca942fba94387317357d73c0b9"},
    {file = "pyopencl-2023.1.4-cp312-cp312-macosx_11_0_arm64.whl", hash = "sha256:230c63354fe6a18043e67042769ddc5e329002fb55fb99f692e4f5c8fcf3007c"},
    {file = "pyopencl-2023.1.4-cp312-cp312-manylinux_2_17_i686.manylinux2014_i686.whl", hash = "sha256:ef091d4a4802b267b0aa5ec46c4ebc00fd664d9178ad9866b485006eeff180b4"},
    {file = "pyopencl-2023.1.4-cp312-cp312-manylinux_2_17_x86_64.manylinux2014_x86_64.whl", hash = "sha256:8c11fc7445e21dcd97bd8f5534531ed7bbd09ded853b520157623f48fad5b739"},
    {file = "pyopencl-2023.1.4-cp312-cp312-musllinux_1_1_i686.whl", hash = "sha256:0b6a0ebbf67b2ef7098bdf3632177b71c7430883b2a48b2b09b84a02d8cbb4b0"},
    {file = "pyopencl-2023.1.4-cp312-cp312-musllinux_1_1_x86_64.whl", hash = "sha256:1767616f795c598531cd19d89f451db7e25393add300204e7d1a7dd2a017709f"},
    {file = "pyopencl-2023.1.4-cp312-cp312-win_amd64.whl", hash = "sha256:8bbb02f230b969109bdf00f36e463fed1de6e1c70e088f2f2f9b41fab128f20c"},
    {file = "pyopencl-2023.1.4-cp38-cp38-macosx_10_9_x86_64.whl", hash = "sha256:0e444320491744fe52e49f87674c931219a5be254a8a129175db61378f5b6f18"},
    {file = "pyopencl-2023.1.4-cp38-cp38-macosx_11_0_arm64.whl", hash = "sha256:0649a9d6249612e79cffef46618cccaaa9eac7b0c3f1833a3576ea0bd985d887"},
    {file = "pyopencl-2023.1.4-cp38-cp38-manylinux_2_17_i686.manylinux2014_i686.whl", hash = "sha256:f790dda26812cad5288fe1831158f55c48e6ede46ae4a37db66394645b07ef8e"},
    {file = "pyopencl-2023.1.4-cp38-cp38-manylinux_2_17_x86_64.manylinux2014_x86_64.whl", hash = "sha256:571c6430c6fb046643040d4a6d99ee677e4c6c99b09577dbb51177001e93c21c"},
    {file = "pyopencl-2023.1.4-cp38-cp38-musllinux_1_1_i686.whl", hash = "sha256:0ca2d4f14e1fc716b1928679c3182595a4862f577fa0f4a5d8edf37ef8db059b"},
    {file = "pyopencl-2023.1.4-cp38-cp38-musllinux_1_1_x86_64.whl", hash = "sha256:6ac9e8e84dc11b82df51916cf41f34a9ca327adbaf9f4a03a8d1f4f1e1f35382"},
    {file = "pyopencl-2023.1.4-cp38-cp38-win_amd64.whl", hash = "sha256:802e5eb27fd311af42133bb2da83b5777a84f5c7c11e0a4b8d1d50d265b22e37"},
    {file = "pyopencl-2023.1.4-cp39-cp39-macosx_10_9_x86_64.whl", hash = "sha256:3ae4b7f34aa56a4dc5ce5b4d795dc872f9a1aac66f15ded575aeabdfd15da0bc"},
    {file = "pyopencl-2023.1.4-cp39-cp39-macosx_11_0_arm64.whl", hash = "sha256:e3f5861de88a7d5054cfc8a0f78c42c7b7cd7c65c43a1426a72411111b024658"},
    {file = "pyopencl-2023.1.4-cp39-cp39-manylinux_2_17_i686.manylinux2014_i686.whl", hash = "sha256:c658eb9198235e8866afedb9b32bad4c6a4988c7dff2103e61794cd9ea261b2a"},
    {file = "pyopencl-2023.1.4-cp39-cp39-manylinux_2_17_x86_64.manylinux2014_x86_64.whl", hash = "sha256:d148b21de9f7aa542b576c09ba3c68106658c8a3429f41c0120c7cd4cb55970f"},
    {file = "pyopencl-2023.1.4-cp39-cp39-musllinux_1_1_i686.whl", hash = "sha256:63be569b566ad627e7a1331db6cfda3eb82a2076872549f1c89f4e24ee12601a"},
    {file = "pyopencl-2023.1.4-cp39-cp39-musllinux_1_1_x86_64.whl", hash = "sha256:d61a6ca8c2d8f2d7bcf106abff6ac58cb79f335303b02b90b66591b25d1af4aa"},
    {file = "pyopencl-2023.1.4-cp39-cp39-win_amd64.whl", hash = "sha256:daeff57a66c7a2be03345dd919507f2a2b2ed4ce64c3d8416fc01fa947807e59"},
    {file = "pyopencl-2023.1.4-pp310-pypy310_pp73-manylinux_2_17_i686.manylinux2014_i686.whl", hash = "sha256:c059f15d71c680e35704650bc02d7026b5566687fd45ca9f4c789567d0731cfc"},
    {file = "pyopencl-2023.1.4-pp310-pypy310_pp73-manylinux_2_17_x86_64.manylinux2014_x86_64.whl", hash = "sha256:38c1ab4ed770eb2b2f9c34bced444fc81e96dddd188848f028d36cd16fe9fcb9"},
    {file = "pyopencl-2023.1.4-pp38-pypy38_pp73-manylinux_2_17_i686.manylinux2014_i686.whl", hash = "sha256:d195dad3d3a0473373bbf173671900d4519662824b5a81ced5b491cfae5c5e23"},
    {file = "pyopencl-2023.1.4-pp38-pypy38_pp73-manylinux_2_17_x86_64.manylinux2014_x86_64.whl", hash = "sha256:0c4917db2d0ec5ea7dd3c0cc66dc6a5acadc39a577a6b532293dde57ba3b23fb"},
    {file = "pyopencl-2023.1.4-pp39-pypy39_pp73-manylinux_2_17_i686.manylinux2014_i686.whl", hash = "sha256:c926fb5886a561fe01be907575e396096a75fd35a2a6df5fc080c19959ae8c5c"},
    {file = "pyopencl-2023.1.4-pp39-pypy39_pp73-manylinux_2_17_x86_64.manylinux2014_x86_64.whl", hash = "sha256:35fc3161b2f609018b6e1b22f4aa79fb571a388b61e90177c1d474975af15ce8"},
    {file = "pyopencl-2023.1.4.tar.gz", hash = "sha256:220174efca900e9d5de5aef2aa1b77a6f2550501de92b035a91013aeae4d4c5e"},
]

[package.dependencies]
numpy = "*"
platformdirs = ">=2.2.0"
pytools = ">=2021.2.7"

[package.extras]
oclgrind = ["oclgrind-binary-distribution (>=18.3)"]
pocl = ["pocl-binary-distribution (>=1.2)"]
test = ["Mako", "pytest (>=7.0.0)"]

[[package]]
name = "pytools"
version = "2023.1.1"
description = "A collection of tools for Python"
optional = false
python-versions = "~=3.8"
files = [
    {file = "pytools-2023.1.1-py2.py3-none-any.whl", hash = "sha256:53b98e5d6c01a90e343f8be2f5271e94204a210ef3e74fbefa3d47ec7480f150"},
    {file = "pytools-2023.1.1.tar.gz", hash = "sha256:80637873d206f6bcedf7cdb46ad93e868acb4ea2256db052dfcca872bdd0321f"},
]

[package.dependencies]
platformdirs = ">=2.2.0"
typing-extensions = {version = ">=4.0", markers = "python_version < \"3.11\""}

[package.extras]
numpy = ["numpy (>=1.6.0)"]

[[package]]
name = "requests"
version = "2.31.0"
description = "Python HTTP for Humans."
optional = false
python-versions = ">=3.7"
files = [
    {file = "requests-2.31.0-py3-none-any.whl", hash = "sha256:58cd2187c01e70e6e26505bca751777aa9f2ee0b7f4300988b709f44e013003f"},
    {file = "requests-2.31.0.tar.gz", hash = "sha256:942c5a758f98d790eaed1a29cb6eefc7ffb0d1cf7af05c3d2791656dbd6ad1e1"},
]

[package.dependencies]
certifi = ">=2017.4.17"
charset-normalizer = ">=2,<4"
idna = ">=2.5,<4"
urllib3 = ">=1.21.1,<3"

[package.extras]
socks = ["PySocks (>=1.5.6,!=1.5.7)"]
use-chardet-on-py3 = ["chardet (>=3.0.2,<6)"]

[[package]]
name = "tqdm"
version = "4.66.1"
description = "Fast, Extensible Progress Meter"
optional = false
python-versions = ">=3.7"
files = [
    {file = "tqdm-4.66.1-py3-none-any.whl", hash = "sha256:d302b3c5b53d47bce91fea46679d9c3c6508cf6332229aa1e7d8653723793386"},
    {file = "tqdm-4.66.1.tar.gz", hash = "sha256:d88e651f9db8d8551a62556d3cff9e3034274ca5d66e93197cf2490e2dcb69c7"},
]

[package.dependencies]
colorama = {version = "*", markers = "platform_system == \"Windows\""}

[package.extras]
dev = ["pytest (>=6)", "pytest-cov", "pytest-timeout", "pytest-xdist"]
notebook = ["ipywidgets (>=6)"]
slack = ["slack-sdk"]
telegram = ["requests"]

[[package]]
name = "typing-extensions"
version = "4.8.0"
description = "Backported and Experimental Type Hints for Python 3.8+"
optional = false
python-versions = ">=3.8"
files = [
    {file = "typing_extensions-4.8.0-py3-none-any.whl", hash = "sha256:8f92fc8806f9a6b641eaa5318da32b44d401efaac0f6678c9bc448ba3605faa0"},
    {file = "typing_extensions-4.8.0.tar.gz", hash = "sha256:df8e4339e9cb77357558cbdbceca33c303714cf861d1eef15e1070055ae8b7ef"},
]

[[package]]
name = "urllib3"
version = "2.0.7"
description = "HTTP library with thread-safe connection pooling, file post, and more."
optional = false
python-versions = ">=3.7"
files = [
    {file = "urllib3-2.0.7-py3-none-any.whl", hash = "sha256:fdb6d215c776278489906c2f8916e6e7d4f5a9b602ccbcfdf7f016fc8da0596e"},
    {file = "urllib3-2.0.7.tar.gz", hash = "sha256:c97dfde1f7bd43a71c8d2a58e369e9b2bf692d1334ea9f9cae55add7d0dd0f84"},
]

[package.extras]
brotli = ["brotli (>=1.0.9)", "brotlicffi (>=0.8.0)"]
secure = ["certifi", "cryptography (>=1.9)", "idna (>=2.0.0)", "pyopenssl (>=17.1.0)", "urllib3-secure-extra"]
socks = ["pysocks (>=1.5.6,!=1.5.7,<2.0)"]
zstd = ["zstandard (>=0.18.0)"]

[extras]
arm = []
cuda = []
linting = []
llvm = []
testing = []
webgpu = []

[metadata]
lock-version = "2.0"
python-versions = ">=3.8,<4.0"
content-hash = "884951997f87925f4d8c0f80d4b808d1f143904a41be7a85af610e81335e0e0d"
